// !$*UTF8*$!
{
	archiveVersion = 1;
	classes = {
	};
	objectVersion = 56;
	objects = {

/* Begin PBXBuildFile section */
		0999CE61DDBE7CB638FB7CFE /* Pods_week6hw3.framework in Frameworks */ = {isa = PBXBuildFile; fileRef = 1B379832521C027540CB8E12 /* Pods_week6hw3.framework */; };
		E509E9B329705E1E00CCCFBA /* PinterestLayout.swift in Sources */ = {isa = PBXBuildFile; fileRef = E509E9B229705E1E00CCCFBA /* PinterestLayout.swift */; };
		E515C9C2296D7E06008AF8F6 /* AppDelegate.swift in Sources */ = {isa = PBXBuildFile; fileRef = E515C9C1296D7E06008AF8F6 /* AppDelegate.swift */; };
		E515C9C6296D7E06008AF8F6 /* ViewController.swift in Sources */ = {isa = PBXBuildFile; fileRef = E515C9C5296D7E06008AF8F6 /* ViewController.swift */; };
		E515C9C9296D7E06008AF8F6 /* Main.storyboard in Resources */ = {isa = PBXBuildFile; fileRef = E515C9C7296D7E06008AF8F6 /* Main.storyboard */; };
		E515C9CB296D7E08008AF8F6 /* Assets.xcassets in Resources */ = {isa = PBXBuildFile; fileRef = E515C9CA296D7E08008AF8F6 /* Assets.xcassets */; };
		E515C9CE296D7E08008AF8F6 /* LaunchScreen.storyboard in Resources */ = {isa = PBXBuildFile; fileRef = E515C9CC296D7E08008AF8F6 /* LaunchScreen.storyboard */; };
		E5D37EEE296F00F300B938C5 /* ContentCVC.swift in Sources */ = {isa = PBXBuildFile; fileRef = E5D37EEC296F00F300B938C5 /* ContentCVC.swift */; };
		E5D37EEF296F00F300B938C5 /* ContentCVC.xib in Resources */ = {isa = PBXBuildFile; fileRef = E5D37EED296F00F300B938C5 /* ContentCVC.xib */; };
/* End PBXBuildFile section */

/* Begin PBXFileReference section */
		1B379832521C027540CB8E12 /* Pods_week6hw3.framework */ = {isa = PBXFileReference; explicitFileType = wrapper.framework; includeInIndex = 0; path = Pods_week6hw3.framework; sourceTree = BUILT_PRODUCTS_DIR; };
		3F185F42FF29792427B989A9 /* Pods-week6hw3.debug.xcconfig */ = {isa = PBXFileReference; includeInIndex = 1; lastKnownFileType = text.xcconfig; name = "Pods-week6hw3.debug.xcconfig"; path = "Target Support Files/Pods-week6hw3/Pods-week6hw3.debug.xcconfig"; sourceTree = "<group>"; };
		738E64CB103356A9983C3082 /* Pods-week6hw3.release.xcconfig */ = {isa = PBXFileReference; includeInIndex = 1; lastKnownFileType = text.xcconfig; name = "Pods-week6hw3.release.xcconfig"; path = "Target Support Files/Pods-week6hw3/Pods-week6hw3.release.xcconfig"; sourceTree = "<group>"; };
		E509E9B229705E1E00CCCFBA /* PinterestLayout.swift */ = {isa = PBXFileReference; lastKnownFileType = sourcecode.swift; path = PinterestLayout.swift; sourceTree = "<group>"; };
		E515C9BE296D7E06008AF8F6 /* week6hw3.app */ = {isa = PBXFileReference; explicitFileType = wrapper.application; includeInIndex = 0; path = week6hw3.app; sourceTree = BUILT_PRODUCTS_DIR; };
		E515C9C1296D7E06008AF8F6 /* AppDelegate.swift */ = {isa = PBXFileReference; lastKnownFileType = sourcecode.swift; path = AppDelegate.swift; sourceTree = "<group>"; };
		E515C9C5296D7E06008AF8F6 /* ViewController.swift */ = {isa = PBXFileReference; lastKnownFileType = sourcecode.swift; path = ViewController.swift; sourceTree = "<group>"; };
		E515C9C8296D7E06008AF8F6 /* Base */ = {isa = PBXFileReference; lastKnownFileType = file.storyboard; name = Base; path = Base.lproj/Main.storyboard; sourceTree = "<group>"; };
		E515C9CA296D7E08008AF8F6 /* Assets.xcassets */ = {isa = PBXFileReference; lastKnownFileType = folder.assetcatalog; path = Assets.xcassets; sourceTree = "<group>"; };
		E515C9CD296D7E08008AF8F6 /* Base */ = {isa = PBXFileReference; lastKnownFileType = file.storyboard; name = Base; path = Base.lproj/LaunchScreen.storyboard; sourceTree = "<group>"; };
		E515C9CF296D7E08008AF8F6 /* Info.plist */ = {isa = PBXFileReference; lastKnownFileType = text.plist.xml; path = Info.plist; sourceTree = "<group>"; };
		E5D37EEC296F00F300B938C5 /* ContentCVC.swift */ = {isa = PBXFileReference; lastKnownFileType = sourcecode.swift; path = ContentCVC.swift; sourceTree = "<group>"; };
		E5D37EED296F00F300B938C5 /* ContentCVC.xib */ = {isa = PBXFileReference; lastKnownFileType = file.xib; path = ContentCVC.xib; sourceTree = "<group>"; };
/* End PBXFileReference section */

/* Begin PBXFrameworksBuildPhase section */
		E515C9BB296D7E06008AF8F6 /* Frameworks */ = {
			isa = PBXFrameworksBuildPhase;
			buildActionMask = 2147483647;
			files = (
				0999CE61DDBE7CB638FB7CFE /* Pods_week6hw3.framework in Frameworks */,
			);
			runOnlyForDeploymentPostprocessing = 0;
		};
/* End PBXFrameworksBuildPhase section */

/* Begin PBXGroup section */
		00A974239EE0600410839B67 /* Pods */ = {
			isa = PBXGroup;
			children = (
				3F185F42FF29792427B989A9 /* Pods-week6hw3.debug.xcconfig */,
				738E64CB103356A9983C3082 /* Pods-week6hw3.release.xcconfig */,
			);
			path = Pods;
			sourceTree = "<group>";
		};
		7C2E7C23461452FF14282B9C /* Frameworks */ = {
			isa = PBXGroup;
			children = (
				1B379832521C027540CB8E12 /* Pods_week6hw3.framework */,
			);
			name = Frameworks;
			sourceTree = "<group>";
		};
		E515C9B5296D7E06008AF8F6 = {
			isa = PBXGroup;
			children = (
				E515C9C0296D7E06008AF8F6 /* week6hw3 */,
				E515C9BF296D7E06008AF8F6 /* Products */,
				00A974239EE0600410839B67 /* Pods */,
				7C2E7C23461452FF14282B9C /* Frameworks */,
			);
			sourceTree = "<group>";
		};
		E515C9BF296D7E06008AF8F6 /* Products */ = {
			isa = PBXGroup;
			children = (
				E515C9BE296D7E06008AF8F6 /* week6hw3.app */,
			);
			name = Products;
			sourceTree = "<group>";
		};
		E515C9C0296D7E06008AF8F6 /* week6hw3 */ = {
			isa = PBXGroup;
			children = (
				E5D37EF0296F00FB00B938C5 /* CollectionViewCells */,
				E515C9C1296D7E06008AF8F6 /* AppDelegate.swift */,
				E515C9C5296D7E06008AF8F6 /* ViewController.swift */,
				E515C9C7296D7E06008AF8F6 /* Main.storyboard */,
				E515C9CA296D7E08008AF8F6 /* Assets.xcassets */,
				E515C9CC296D7E08008AF8F6 /* LaunchScreen.storyboard */,
				E515C9CF296D7E08008AF8F6 /* Info.plist */,
				E509E9B229705E1E00CCCFBA /* PinterestLayout.swift */,
			);
			path = week6hw3;
			sourceTree = "<group>";
		};
		E5D37EF0296F00FB00B938C5 /* CollectionViewCells */ = {
			isa = PBXGroup;
			children = (
				E5D37EEC296F00F300B938C5 /* ContentCVC.swift */,
				E5D37EED296F00F300B938C5 /* ContentCVC.xib */,
			);
			path = CollectionViewCells;
			sourceTree = "<group>";
		};
/* End PBXGroup section */

/* Begin PBXNativeTarget section */
		E515C9BD296D7E06008AF8F6 /* week6hw3 */ = {
			isa = PBXNativeTarget;
			buildConfigurationList = E515C9D2296D7E08008AF8F6 /* Build configuration list for PBXNativeTarget "week6hw3" */;
			buildPhases = (
				174D2C5335E83FAFB977E433 /* [CP] Check Pods Manifest.lock */,
				E515C9BA296D7E06008AF8F6 /* Sources */,
				E515C9BB296D7E06008AF8F6 /* Frameworks */,
				E515C9BC296D7E06008AF8F6 /* Resources */,
				8E92C151F6D17B2C3D1464FB /* [CP] Embed Pods Frameworks */,
			);
			buildRules = (
			);
			dependencies = (
			);
			name = week6hw3;
			productName = week6hw3;
			productReference = E515C9BE296D7E06008AF8F6 /* week6hw3.app */;
			productType = "com.apple.product-type.application";
		};
/* End PBXNativeTarget section */

/* Begin PBXProject section */
		E515C9B6296D7E06008AF8F6 /* Project object */ = {
			isa = PBXProject;
			attributes = {
				BuildIndependentTargetsInParallel = 1;
				LastSwiftUpdateCheck = 1410;
				LastUpgradeCheck = 1410;
				TargetAttributes = {
					E515C9BD296D7E06008AF8F6 = {
						CreatedOnToolsVersion = 14.1;
					};
				};
			};
			buildConfigurationList = E515C9B9296D7E06008AF8F6 /* Build configuration list for PBXProject "week6hw3" */;
			compatibilityVersion = "Xcode 14.0";
			developmentRegion = en;
			hasScannedForEncodings = 0;
			knownRegions = (
				en,
				Base,
			);
			mainGroup = E515C9B5296D7E06008AF8F6;
			productRefGroup = E515C9BF296D7E06008AF8F6 /* Products */;
			projectDirPath = "";
			projectRoot = "";
			targets = (
				E515C9BD296D7E06008AF8F6 /* week6hw3 */,
			);
		};
/* End PBXProject section */

/* Begin PBXResourcesBuildPhase section */
		E515C9BC296D7E06008AF8F6 /* Resources */ = {
			isa = PBXResourcesBuildPhase;
			buildActionMask = 2147483647;
			files = (
				E515C9CE296D7E08008AF8F6 /* LaunchScreen.storyboard in Resources */,
				E515C9CB296D7E08008AF8F6 /* Assets.xcassets in Resources */,
				E5D37EEF296F00F300B938C5 /* ContentCVC.xib in Resources */,
				E515C9C9296D7E06008AF8F6 /* Main.storyboard in Resources */,
			);
			runOnlyForDeploymentPostprocessing = 0;
		};
/* End PBXResourcesBuildPhase section */

/* Begin PBXShellScriptBuildPhase section */
		174D2C5335E83FAFB977E433 /* [CP] Check Pods Manifest.lock */ = {
			isa = PBXShellScriptBuildPhase;
			buildActionMask = 2147483647;
			files = (
			);
			inputFileListPaths = (
			);
			inputPaths = (
				"${PODS_PODFILE_DIR_PATH}/Podfile.lock",
				"${PODS_ROOT}/Manifest.lock",
			);
			name = "[CP] Check Pods Manifest.lock";
			outputFileListPaths = (
			);
			outputPaths = (
				"$(DERIVED_FILE_DIR)/Pods-week6hw3-checkManifestLockResult.txt",
			);
			runOnlyForDeploymentPostprocessing = 0;
			shellPath = /bin/sh;
			shellScript = "diff \"${PODS_PODFILE_DIR_PATH}/Podfile.lock\" \"${PODS_ROOT}/Manifest.lock\" > /dev/null\nif [ $? != 0 ] ; then\n    # print error to STDERR\n    echo \"error: The sandbox is not in sync with the Podfile.lock. Run 'pod install' or update your CocoaPods installation.\" >&2\n    exit 1\nfi\n# This output is used by Xcode 'outputs' to avoid re-running this script phase.\necho \"SUCCESS\" > \"${SCRIPT_OUTPUT_FILE_0}\"\n";
			showEnvVarsInLog = 0;
		};
		8E92C151F6D17B2C3D1464FB /* [CP] Embed Pods Frameworks */ = {
			isa = PBXShellScriptBuildPhase;
			buildActionMask = 2147483647;
			files = (
			);
			inputFileListPaths = (
				"${PODS_ROOT}/Target Support Files/Pods-week6hw3/Pods-week6hw3-frameworks-${CONFIGURATION}-input-files.xcfilelist",
			);
			name = "[CP] Embed Pods Frameworks";
			outputFileListPaths = (
				"${PODS_ROOT}/Target Support Files/Pods-week6hw3/Pods-week6hw3-frameworks-${CONFIGURATION}-output-files.xcfilelist",
			);
			runOnlyForDeploymentPostprocessing = 0;
			shellPath = /bin/sh;
			shellScript = "\"${PODS_ROOT}/Target Support Files/Pods-week6hw3/Pods-week6hw3-frameworks.sh\"\n";
			showEnvVarsInLog = 0;
		};
/* End PBXShellScriptBuildPhase section */

/* Begin PBXSourcesBuildPhase section */
		E515C9BA296D7E06008AF8F6 /* Sources */ = {
			isa = PBXSourcesBuildPhase;
			buildActionMask = 2147483647;
			files = (
				E509E9B329705E1E00CCCFBA /* PinterestLayout.swift in Sources */,
				E515C9C6296D7E06008AF8F6 /* ViewController.swift in Sources */,
				E5D37EEE296F00F300B938C5 /* ContentCVC.swift in Sources */,
				E515C9C2296D7E06008AF8F6 /* AppDelegate.swift in Sources */,
			);
			runOnlyForDeploymentPostprocessing = 0;
		};
/* End PBXSourcesBuildPhase section */

/* Begin PBXVariantGroup section */
		E515C9C7296D7E06008AF8F6 /* Main.storyboard */ = {
			isa = PBXVariantGroup;
			children = (
				E515C9C8296D7E06008AF8F6 /* Base */,
			);
			name = Main.storyboard;
			sourceTree = "<group>";
		};
		E515C9CC296D7E08008AF8F6 /* LaunchScreen.storyboard */ = {
			isa = PBXVariantGroup;
			children = (
				E515C9CD296D7E08008AF8F6 /* Base */,
			);
			name = LaunchScreen.storyboard;
			sourceTree = "<group>";
		};
/* End PBXVariantGroup section */

/* Begin XCBuildConfiguration section */
		E515C9D0296D7E08008AF8F6 /* Debug */ = {
			isa = XCBuildConfiguration;
			buildSettings = {
				ALWAYS_SEARCH_USER_PATHS = NO;
				CLANG_ANALYZER_NONNULL = YES;
				CLANG_ANALYZER_NUMBER_OBJECT_CONVERSION = YES_AGGRESSIVE;
				CLANG_CXX_LANGUAGE_STANDARD = "gnu++20";
				CLANG_ENABLE_MODULES = YES;
				CLANG_ENABLE_OBJC_ARC = YES;
				CLANG_ENABLE_OBJC_WEAK = YES;
				CLANG_WARN_BLOCK_CAPTURE_AUTORELEASING = YES;
				CLANG_WARN_BOOL_CONVERSION = YES;
				CLANG_WARN_COMMA = YES;
				CLANG_WARN_CONSTANT_CONVERSION = YES;
				CLANG_WARN_DEPRECATED_OBJC_IMPLEMENTATIONS = YES;
				CLANG_WARN_DIRECT_OBJC_ISA_USAGE = YES_ERROR;
				CLANG_WARN_DOCUMENTATION_COMMENTS = YES;
				CLANG_WARN_EMPTY_BODY = YES;
				CLANG_WARN_ENUM_CONVERSION = YES;
				CLANG_WARN_INFINITE_RECURSION = YES;
				CLANG_WARN_INT_CONVERSION = YES;
				CLANG_WARN_NON_LITERAL_NULL_CONVERSION = YES;
				CLANG_WARN_OBJC_IMPLICIT_RETAIN_SELF = YES;
				CLANG_WARN_OBJC_LITERAL_CONVERSION = YES;
				CLANG_WARN_OBJC_ROOT_CLASS = YES_ERROR;
				CLANG_WARN_QUOTED_INCLUDE_IN_FRAMEWORK_HEADER = YES;
				CLANG_WARN_RANGE_LOOP_ANALYSIS = YES;
				CLANG_WARN_STRICT_PROTOTYPES = YES;
				CLANG_WARN_SUSPICIOUS_MOVE = YES;
				CLANG_WARN_UNGUARDED_AVAILABILITY = YES_AGGRESSIVE;
				CLANG_WARN_UNREACHABLE_CODE = YES;
				CLANG_WARN__DUPLICATE_METHOD_MATCH = YES;
				COPY_PHASE_STRIP = NO;
				DEBUG_INFORMATION_FORMAT = dwarf;
				ENABLE_STRICT_OBJC_MSGSEND = YES;
				ENABLE_TESTABILITY = YES;
				GCC_C_LANGUAGE_STANDARD = gnu11;
				GCC_DYNAMIC_NO_PIC = NO;
				GCC_NO_COMMON_BLOCKS = YES;
				GCC_OPTIMIZATION_LEVEL = 0;
				GCC_PREPROCESSOR_DEFINITIONS = (
					"DEBUG=1",
					"$(inherited)",
				);
				GCC_WARN_64_TO_32_BIT_CONVERSION = YES;
				GCC_WARN_ABOUT_RETURN_TYPE = YES_ERROR;
				GCC_WARN_UNDECLARED_SELECTOR = YES;
				GCC_WARN_UNINITIALIZED_AUTOS = YES_AGGRESSIVE;
				GCC_WARN_UNUSED_FUNCTION = YES;
				GCC_WARN_UNUSED_VARIABLE = YES;
				IPHONEOS_DEPLOYMENT_TARGET = 14.0;
				MTL_ENABLE_DEBUG_INFO = INCLUDE_SOURCE;
				MTL_FAST_MATH = YES;
				ONLY_ACTIVE_ARCH = YES;
				SDKROOT = iphoneos;
				SWIFT_ACTIVE_COMPILATION_CONDITIONS = DEBUG;
				SWIFT_OPTIMIZATION_LEVEL = "-Onone";
			};
			name = Debug;
		};
		E515C9D1296D7E08008AF8F6 /* Release */ = {
			isa = XCBuildConfiguration;
			buildSettings = {
				ALWAYS_SEARCH_USER_PATHS = NO;
				CLANG_ANALYZER_NONNULL = YES;
				CLANG_ANALYZER_NUMBER_OBJECT_CONVERSION = YES_AGGRESSIVE;
				CLANG_CXX_LANGUAGE_STANDARD = "gnu++20";
				CLANG_ENABLE_MODULES = YES;
				CLANG_ENABLE_OBJC_ARC = YES;
				CLANG_ENABLE_OBJC_WEAK = YES;
				CLANG_WARN_BLOCK_CAPTURE_AUTORELEASING = YES;
				CLANG_WARN_BOOL_CONVERSION = YES;
				CLANG_WARN_COMMA = YES;
				CLANG_WARN_CONSTANT_CONVERSION = YES;
				CLANG_WARN_DEPRECATED_OBJC_IMPLEMENTATIONS = YES;
				CLANG_WARN_DIRECT_OBJC_ISA_USAGE = YES_ERROR;
				CLANG_WARN_DOCUMENTATION_COMMENTS = YES;
				CLANG_WARN_EMPTY_BODY = YES;
				CLANG_WARN_ENUM_CONVERSION = YES;
				CLANG_WARN_INFINITE_RECURSION = YES;
				CLANG_WARN_INT_CONVERSION = YES;
				CLANG_WARN_NON_LITERAL_NULL_CONVERSION = YES;
				CLANG_WARN_OBJC_IMPLICIT_RETAIN_SELF = YES;
				CLANG_WARN_OBJC_LITERAL_CONVERSION = YES;
				CLANG_WARN_OBJC_ROOT_CLASS = YES_ERROR;
				CLANG_WARN_QUOTED_INCLUDE_IN_FRAMEWORK_HEADER = YES;
				CLANG_WARN_RANGE_LOOP_ANALYSIS = YES;
				CLANG_WARN_STRICT_PROTOTYPES = YES;
				CLANG_WARN_SUSPICIOUS_MOVE = YES;
				CLANG_WARN_UNGUARDED_AVAILABILITY = YES_AGGRESSIVE;
				CLANG_WARN_UNREACHABLE_CODE = YES;
				CLANG_WARN__DUPLICATE_METHOD_MATCH = YES;
				COPY_PHASE_STRIP = NO;
				DEBUG_INFORMATION_FORMAT = "dwarf-with-dsym";
				ENABLE_NS_ASSERTIONS = NO;
				ENABLE_STRICT_OBJC_MSGSEND = YES;
				GCC_C_LANGUAGE_STANDARD = gnu11;
				GCC_NO_COMMON_BLOCKS = YES;
				GCC_WARN_64_TO_32_BIT_CONVERSION = YES;
				GCC_WARN_ABOUT_RETURN_TYPE = YES_ERROR;
				GCC_WARN_UNDECLARED_SELECTOR = YES;
				GCC_WARN_UNINITIALIZED_AUTOS = YES_AGGRESSIVE;
				GCC_WARN_UNUSED_FUNCTION = YES;
				GCC_WARN_UNUSED_VARIABLE = YES;
				IPHONEOS_DEPLOYMENT_TARGET = 14.0;
				MTL_ENABLE_DEBUG_INFO = NO;
				MTL_FAST_MATH = YES;
				SDKROOT = iphoneos;
				SWIFT_COMPILATION_MODE = wholemodule;
				SWIFT_OPTIMIZATION_LEVEL = "-O";
				VALIDATE_PRODUCT = YES;
			};
			name = Release;
		};
		E515C9D3296D7E08008AF8F6 /* Debug */ = {
			isa = XCBuildConfiguration;
			baseConfigurationReference = 3F185F42FF29792427B989A9 /* Pods-week6hw3.debug.xcconfig */;
			buildSettings = {
				ASSETCATALOG_COMPILER_APPICON_NAME = AppIcon;
				ASSETCATALOG_COMPILER_GLOBAL_ACCENT_COLOR_NAME = AccentColor;
				CODE_SIGN_STYLE = Automatic;
				CURRENT_PROJECT_VERSION = 1;
				DEVELOPMENT_TEAM = 597MRPLSQU;
				GENERATE_INFOPLIST_FILE = YES;
				INFOPLIST_FILE = week6hw3/Info.plist;
				INFOPLIST_KEY_CFBundleDisplayName = "Homework - 3";
				INFOPLIST_KEY_UIApplicationSupportsIndirectInputEvents = YES;
				INFOPLIST_KEY_UILaunchStoryboardName = LaunchScreen;
				INFOPLIST_KEY_UIMainStoryboardFile = Main;
				INFOPLIST_KEY_UISupportedInterfaceOrientations = UIInterfaceOrientationPortrait;
				INFOPLIST_KEY_UISupportedInterfaceOrientations_iPad = "UIInterfaceOrientationLandscapeLeft UIInterfaceOrientationLandscapeRight UIInterfaceOrientationPortrait UIInterfaceOrientationPortraitUpsideDown";
				IPHONEOS_DEPLOYMENT_TARGET = 14.0;
				LD_RUNPATH_SEARCH_PATHS = (
					"$(inherited)",
					"@executable_path/Frameworks",
				);
				MARKETING_VERSION = 1.0.0;
				PRODUCT_BUNDLE_IDENTIFIER = com.melihcuneyter.week6hw3;
				PRODUCT_NAME = "$(TARGET_NAME)";
				SUPPORTED_PLATFORMS = "iphoneos iphonesimulator";
				SUPPORTS_MACCATALYST = NO;
				SUPPORTS_MAC_DESIGNED_FOR_IPHONE_IPAD = NO;
				SWIFT_EMIT_LOC_STRINGS = YES;
				SWIFT_VERSION = 5.0;
				TARGETED_DEVICE_FAMILY = 1;
			};
			name = Debug;
		};
		E515C9D4296D7E08008AF8F6 /* Release */ = {
			isa = XCBuildConfiguration;
			baseConfigurationReference = 738E64CB103356A9983C3082 /* Pods-week6hw3.release.xcconfig */;
			buildSettings = {
				ASSETCATALOG_COMPILER_APPICON_NAME = AppIcon;
				ASSETCATALOG_COMPILER_GLOBAL_ACCENT_COLOR_NAME = AccentColor;
				CODE_SIGN_STYLE = Automatic;
				CURRENT_PROJECT_VERSION = 1;
				DEVELOPMENT_TEAM = 597MRPLSQU;
				GENERATE_INFOPLIST_FILE = YES;
				INFOPLIST_FILE = week6hw3/Info.plist;
				INFOPLIST_KEY_CFBundleDisplayName = "Homework - 3";
				INFOPLIST_KEY_UIApplicationSupportsIndirectInputEvents = YES;
				INFOPLIST_KEY_UILaunchStoryboardName = LaunchScreen;
				INFOPLIST_KEY_UIMainStoryboardFile = Main;
				INFOPLIST_KEY_UISupportedInterfaceOrientations = UIInterfaceOrientationPortrait;
				INFOPLIST_KEY_UISupportedInterfaceOrientations_iPad = "UIInterfaceOrientationLandscapeLeft UIInterfaceOrientationLandscapeRight UIInterfaceOrientationPortrait UIInterfaceOrientationPortraitUpsideDown";
				IPHONEOS_DEPLOYMENT_TARGET = 14.0;
				LD_RUNPATH_SEARCH_PATHS = (
					"$(inherited)",
					"@executable_path/Frameworks",
				);
				MARKETING_VERSION = 1.0.0;
				PRODUCT_BUNDLE_IDENTIFIER = com.melihcuneyter.week6hw3;
				PRODUCT_NAME = "$(TARGET_NAME)";
				SUPPORTED_PLATFORMS = "iphoneos iphonesimulator";
				SUPPORTS_MACCATALYST = NO;
				SUPPORTS_MAC_DESIGNED_FOR_IPHONE_IPAD = NO;
				SWIFT_EMIT_LOC_STRINGS = YES;
				SWIFT_VERSION = 5.0;
				TARGETED_DEVICE_FAMILY = 1;
			};
			name = Release;
		};
/* End XCBuildConfiguration section */

/* Begin XCConfigurationList section */
		E515C9B9296D7E06008AF8F6 /* Build configuration list for PBXProject "week6hw3" */ = {
			isa = XCConfigurationList;
			buildConfigurations = (
				E515C9D0296D7E08008AF8F6 /* Debug */,
				E515C9D1296D7E08008AF8F6 /* Release */,
			);
			defaultConfigurationIsVisible = 0;
			defaultConfigurationName = Release;
		};
		E515C9D2296D7E08008AF8F6 /* Build configuration list for PBXNativeTarget "week6hw3" */ = {
			isa = XCConfigurationList;
			buildConfigurations = (
				E515C9D3296D7E08008AF8F6 /* Debug */,
				E515C9D4296D7E08008AF8F6 /* Release */,
			);
			defaultConfigurationIsVisible = 0;
			defaultConfigurationName = Release;
		};
/* End XCConfigurationList section */
	};
	rootObject = E515C9B6296D7E06008AF8F6 /* Project object */;
}
